
Microsoft Visual Studio Solution File, Format Version 12.00
# Visual Studio 15
VisualStudioVersion = 15.0.28307.1082
MinimumVisualStudioVersion = 10.0.40219.1
Project("{FAE04EC0-301F-11D3-BF4B-00C04F79EFBC}") = "FitnessApp.BL", "FitnessApp.BL\FitnessApp.BL.csproj", "{388AADA4-9EFE-4823-8C45-5E6CB0DAECB3}"
EndProject
Project("{FAE04EC0-301F-11D3-BF4B-00C04F79EFBC}") = "FitnessApp.CMD", "FitnessApp.CMD\FitnessApp.CMD.csproj", "{3B621D3A-2C55-42EE-B045-FEBFE6891D74}"
EndProject
Global
	GlobalSection(SolutionConfigurationPlatforms) = preSolution
		Debug|Any CPU = Debug|Any CPU
		Release|Any CPU = Release|Any CPU
	EndGlobalSection
	GlobalSection(ProjectConfigurationPlatforms) = postSolution
		{388AADA4-9EFE-4823-8C45-5E6CB0DAECB3}.Debug|Any CPU.ActiveCfg = Debug|Any CPU
		{388AADA4-9EFE-4823-8C45-5E6CB0DAECB3}.Debug|Any CPU.Build.0 = Debug|Any CPU
		{388AADA4-9EFE-4823-8C45-5E6CB0DAECB3}.Release|Any CPU.ActiveCfg = Release|Any CPU
		{388AADA4-9EFE-4823-8C45-5E6CB0DAECB3}.Release|Any CPU.Build.0 = Release|Any CPU
		{3B621D3A-2C55-42EE-B045-FEBFE6891D74}.Debug|Any CPU.ActiveCfg = Debug|Any CPU
		{3B621D3A-2C55-42EE-B045-FEBFE6891D74}.Debug|Any CPU.Build.0 = Debug|Any CPU
		{3B621D3A-2C55-42EE-B045-FEBFE6891D74}.Release|Any CPU.ActiveCfg = Release|Any CPU
		{3B621D3A-2C55-42EE-B045-FEBFE6891D74}.Release|Any CPU.Build.0 = Release|Any CPU
	EndGlobalSection
	GlobalSection(SolutionProperties) = preSolution
		HideSolutionNode = FALSE
	EndGlobalSection
	GlobalSection(ExtensibilityGlobals) = postSolution
		SolutionGuid = {117AA105-2D84-4501-9235-88D0145AABFB}
	EndGlobalSection
EndGlobal
